
Microsoft Visual Studio Solution File, Format Version 11.00
# Visual Studio 2010
Project("{FAE04EC0-301F-11D3-BF4B-00C04F79EFBC}") = "Assembly-CSharp", "Assembly-CSharp.csproj", "{03938ccd-4b40-8dfb-6b9b-21988d5cac0a}"
EndProject
Project("{FAE04EC0-301F-11D3-BF4B-00C04F79EFBC}") = "Unity.PlayerPrefsEditor.Editor", "Unity.PlayerPrefsEditor.Editor.csproj", "{bc994b4c-c2a8-7fdd-e2b1-7256aa0a2ee5}"
EndProject
Project("{FAE04EC0-301F-11D3-BF4B-00C04F79EFBC}") = "Unity.PlayerPrefsEditor.EditorResources", "Unity.PlayerPrefsEditor.EditorResources.csproj", "{7b79831f-e3d4-8c47-1609-7504567aad2d}"
EndProject
Global
	GlobalSection(SolutionConfigurationPlatforms) = preSolution
		Debug|Any CPU = Debug|Any CPU
	EndGlobalSection
	GlobalSection(ProjectConfigurationPlatforms) = postSolution
		{03938ccd-4b40-8dfb-6b9b-21988d5cac0a}.Debug|Any CPU.ActiveCfg = Debug|Any CPU
		{03938ccd-4b40-8dfb-6b9b-21988d5cac0a}.Debug|Any CPU.Build.0 = Debug|Any CPU
		{bc994b4c-c2a8-7fdd-e2b1-7256aa0a2ee5}.Debug|Any CPU.ActiveCfg = Debug|Any CPU
		{bc994b4c-c2a8-7fdd-e2b1-7256aa0a2ee5}.Debug|Any CPU.Build.0 = Debug|Any CPU
		{7b79831f-e3d4-8c47-1609-7504567aad2d}.Debug|Any CPU.ActiveCfg = Debug|Any CPU
		{7b79831f-e3d4-8c47-1609-7504567aad2d}.Debug|Any CPU.Build.0 = Debug|Any CPU
	EndGlobalSection
	GlobalSection(SolutionProperties) = preSolution
		HideSolutionNode = FALSE
	EndGlobalSection
EndGlobal
